
Microsoft Visual Studio Solution File, Format Version 12.00
# Visual Studio Version 16
VisualStudioVersion = 16.0.30523.141
MinimumVisualStudioVersion = 15.0.26124.0
Project("{2150E333-8FDC-42A3-9474-1A3956D46DE8}") = "domain", "domain", "{0AC35A9E-0FAD-4CFA-AD99-3A594595F97E}"
EndProject
Project("{9A19103F-16F7-4668-BE54-9A1E7A4F7556}") = "Store", "domain\Store\Store.csproj", "{6B61616A-E3D2-4FC6-B9FA-CB6BC5EA1B3F}"
EndProject
Project("{2150E333-8FDC-42A3-9474-1A3956D46DE8}") = "infrastructure", "infrastructure", "{BEB4D07F-77B0-4C14-8F33-5D9A9333B680}"
EndProject
Project("{FAE04EC0-301F-11D3-BF4B-00C04F79EFBC}") = "Store.Memory", "infrastructure\Store.Memory\Store.Memory.csproj", "{706CAD49-C24F-44FE-B8DE-5A196540EA09}"
EndProject
Global
	GlobalSection(SolutionConfigurationPlatforms) = preSolution
		Debug|Any CPU = Debug|Any CPU
		Debug|x64 = Debug|x64
		Debug|x86 = Debug|x86
		Release|Any CPU = Release|Any CPU
		Release|x64 = Release|x64
		Release|x86 = Release|x86
	EndGlobalSection
	GlobalSection(ProjectConfigurationPlatforms) = postSolution
		{6B61616A-E3D2-4FC6-B9FA-CB6BC5EA1B3F}.Debug|Any CPU.ActiveCfg = Debug|Any CPU
		{6B61616A-E3D2-4FC6-B9FA-CB6BC5EA1B3F}.Debug|Any CPU.Build.0 = Debug|Any CPU
		{6B61616A-E3D2-4FC6-B9FA-CB6BC5EA1B3F}.Debug|x64.ActiveCfg = Debug|Any CPU
		{6B61616A-E3D2-4FC6-B9FA-CB6BC5EA1B3F}.Debug|x64.Build.0 = Debug|Any CPU
		{6B61616A-E3D2-4FC6-B9FA-CB6BC5EA1B3F}.Debug|x86.ActiveCfg = Debug|Any CPU
		{6B61616A-E3D2-4FC6-B9FA-CB6BC5EA1B3F}.Debug|x86.Build.0 = Debug|Any CPU
		{6B61616A-E3D2-4FC6-B9FA-CB6BC5EA1B3F}.Release|Any CPU.ActiveCfg = Release|Any CPU
		{6B61616A-E3D2-4FC6-B9FA-CB6BC5EA1B3F}.Release|Any CPU.Build.0 = Release|Any CPU
		{6B61616A-E3D2-4FC6-B9FA-CB6BC5EA1B3F}.Release|x64.ActiveCfg = Release|Any CPU
		{6B61616A-E3D2-4FC6-B9FA-CB6BC5EA1B3F}.Release|x64.Build.0 = Release|Any CPU
		{6B61616A-E3D2-4FC6-B9FA-CB6BC5EA1B3F}.Release|x86.ActiveCfg = Release|Any CPU
		{6B61616A-E3D2-4FC6-B9FA-CB6BC5EA1B3F}.Release|x86.Build.0 = Release|Any CPU
		{706CAD49-C24F-44FE-B8DE-5A196540EA09}.Debug|Any CPU.ActiveCfg = Debug|Any CPU
		{706CAD49-C24F-44FE-B8DE-5A196540EA09}.Debug|Any CPU.Build.0 = Debug|Any CPU
		{706CAD49-C24F-44FE-B8DE-5A196540EA09}.Debug|x64.ActiveCfg = Debug|Any CPU
		{706CAD49-C24F-44FE-B8DE-5A196540EA09}.Debug|x64.Build.0 = Debug|Any CPU
		{706CAD49-C24F-44FE-B8DE-5A196540EA09}.Debug|x86.ActiveCfg = Debug|Any CPU
		{706CAD49-C24F-44FE-B8DE-5A196540EA09}.Debug|x86.Build.0 = Debug|Any CPU
		{706CAD49-C24F-44FE-B8DE-5A196540EA09}.Release|Any CPU.ActiveCfg = Release|Any CPU
		{706CAD49-C24F-44FE-B8DE-5A196540EA09}.Release|Any CPU.Build.0 = Release|Any CPU
		{706CAD49-C24F-44FE-B8DE-5A196540EA09}.Release|x64.ActiveCfg = Release|Any CPU
		{706CAD49-C24F-44FE-B8DE-5A196540EA09}.Release|x64.Build.0 = Release|Any CPU
		{706CAD49-C24F-44FE-B8DE-5A196540EA09}.Release|x86.ActiveCfg = Release|Any CPU
		{706CAD49-C24F-44FE-B8DE-5A196540EA09}.Release|x86.Build.0 = Release|Any CPU
	EndGlobalSection
	GlobalSection(SolutionProperties) = preSolution
		HideSolutionNode = FALSE
	EndGlobalSection
	GlobalSection(NestedProjects) = preSolution
		{6B61616A-E3D2-4FC6-B9FA-CB6BC5EA1B3F} = {0AC35A9E-0FAD-4CFA-AD99-3A594595F97E}
		{706CAD49-C24F-44FE-B8DE-5A196540EA09} = {BEB4D07F-77B0-4C14-8F33-5D9A9333B680}
	EndGlobalSection
	GlobalSection(ExtensibilityGlobals) = postSolution
		SolutionGuid = {A7D3D561-9097-4735-800C-5B477AF3A9DD}
	EndGlobalSection
EndGlobal
